
Microsoft Visual Studio Solution File, Format Version 12.00
# Visual Studio Version 17
VisualStudioVersion = 17.10.34825.169
MinimumVisualStudioVersion = 10.0.40219.1
Project("{FAE04EC0-301F-11D3-BF4B-00C04F79EFBC}") = "CsprojFrameworkVersions", "CsprojFrameworkVersions\CsprojFrameworkVersions.csproj", "{61682C95-A2C6-43E4-B441-6A1A5FF4792F}"
EndProject
Project("{9A19103F-16F7-4668-BE54-9A1E7A4F7556}") = "_build", "build\_build.csproj", "{A65AD20D-2E96-4C29-AD24-91354D7CCEE1}"
EndProject
Global
	GlobalSection(SolutionConfigurationPlatforms) = preSolution
		Debug|Any CPU = Debug|Any CPU
		Release|Any CPU = Release|Any CPU
	EndGlobalSection
	GlobalSection(ProjectConfigurationPlatforms) = postSolution
		{A65AD20D-2E96-4C29-AD24-91354D7CCEE1}.Debug|Any CPU.ActiveCfg = Debug|Any CPU
		{A65AD20D-2E96-4C29-AD24-91354D7CCEE1}.Release|Any CPU.ActiveCfg = Release|Any CPU
		{61682C95-A2C6-43E4-B441-6A1A5FF4792F}.Debug|Any CPU.ActiveCfg = Debug|Any CPU
		{61682C95-A2C6-43E4-B441-6A1A5FF4792F}.Debug|Any CPU.Build.0 = Debug|Any CPU
		{61682C95-A2C6-43E4-B441-6A1A5FF4792F}.Release|Any CPU.ActiveCfg = Release|Any CPU
		{61682C95-A2C6-43E4-B441-6A1A5FF4792F}.Release|Any CPU.Build.0 = Release|Any CPU
	EndGlobalSection
	GlobalSection(SolutionProperties) = preSolution
		HideSolutionNode = FALSE
	EndGlobalSection
	GlobalSection(ExtensibilityGlobals) = postSolution
		SolutionGuid = {574BAE93-7F1B-4F4B-A741-12A035286475}
	EndGlobalSection
EndGlobal
